
Microsoft Visual Studio Solution File, Format Version 12.00
# Visual Studio Version 16
VisualStudioVersion = 16.0.32106.194
MinimumVisualStudioVersion = 10.0.40219.1
Project("{FAE04EC0-301F-11D3-BF4B-00C04F79EFBC}") = "ShopRazor", "ShopRazor\ShopRazor.csproj", "{6029182D-BE49-4807-A22A-48BC158F2A6A}"
EndProject
Project("{FAE04EC0-301F-11D3-BF4B-00C04F79EFBC}") = "Entities", "Entities\Entities.csproj", "{9173D11D-DDF6-4C82-B895-E25CE706187E}"
EndProject
Project("{FAE04EC0-301F-11D3-BF4B-00C04F79EFBC}") = "Data", "Data\Data.csproj", "{0F24F71D-8471-4BAF-888D-96AFF0DE172B}"
EndProject
Project("{FAE04EC0-301F-11D3-BF4B-00C04F79EFBC}") = "Core", "Core\Core.csproj", "{7779958D-DCBA-4BD4-B406-0A21906BAF82}"
EndProject
Project("{FAE04EC0-301F-11D3-BF4B-00C04F79EFBC}") = "Services", "Services\Services.csproj", "{74284AD3-3E65-495C-919E-616CCBB7ABFB}"
EndProject
Global
	GlobalSection(SolutionConfigurationPlatforms) = preSolution
		Debug|Any CPU = Debug|Any CPU
		Release|Any CPU = Release|Any CPU
	EndGlobalSection
	GlobalSection(ProjectConfigurationPlatforms) = postSolution
		{6029182D-BE49-4807-A22A-48BC158F2A6A}.Debug|Any CPU.ActiveCfg = Debug|Any CPU
		{6029182D-BE49-4807-A22A-48BC158F2A6A}.Debug|Any CPU.Build.0 = Debug|Any CPU
		{6029182D-BE49-4807-A22A-48BC158F2A6A}.Release|Any CPU.ActiveCfg = Release|Any CPU
		{6029182D-BE49-4807-A22A-48BC158F2A6A}.Release|Any CPU.Build.0 = Release|Any CPU
		{9173D11D-DDF6-4C82-B895-E25CE706187E}.Debug|Any CPU.ActiveCfg = Debug|Any CPU
		{9173D11D-DDF6-4C82-B895-E25CE706187E}.Debug|Any CPU.Build.0 = Debug|Any CPU
		{9173D11D-DDF6-4C82-B895-E25CE706187E}.Release|Any CPU.ActiveCfg = Release|Any CPU
		{9173D11D-DDF6-4C82-B895-E25CE706187E}.Release|Any CPU.Build.0 = Release|Any CPU
		{0F24F71D-8471-4BAF-888D-96AFF0DE172B}.Debug|Any CPU.ActiveCfg = Debug|Any CPU
		{0F24F71D-8471-4BAF-888D-96AFF0DE172B}.Debug|Any CPU.Build.0 = Debug|Any CPU
		{0F24F71D-8471-4BAF-888D-96AFF0DE172B}.Release|Any CPU.ActiveCfg = Release|Any CPU
		{0F24F71D-8471-4BAF-888D-96AFF0DE172B}.Release|Any CPU.Build.0 = Release|Any CPU
		{7779958D-DCBA-4BD4-B406-0A21906BAF82}.Debug|Any CPU.ActiveCfg = Debug|Any CPU
		{7779958D-DCBA-4BD4-B406-0A21906BAF82}.Debug|Any CPU.Build.0 = Debug|Any CPU
		{7779958D-DCBA-4BD4-B406-0A21906BAF82}.Release|Any CPU.ActiveCfg = Release|Any CPU
		{7779958D-DCBA-4BD4-B406-0A21906BAF82}.Release|Any CPU.Build.0 = Release|Any CPU
		{74284AD3-3E65-495C-919E-616CCBB7ABFB}.Debug|Any CPU.ActiveCfg = Debug|Any CPU
		{74284AD3-3E65-495C-919E-616CCBB7ABFB}.Debug|Any CPU.Build.0 = Debug|Any CPU
		{74284AD3-3E65-495C-919E-616CCBB7ABFB}.Release|Any CPU.ActiveCfg = Release|Any CPU
		{74284AD3-3E65-495C-919E-616CCBB7ABFB}.Release|Any CPU.Build.0 = Release|Any CPU
	EndGlobalSection
	GlobalSection(SolutionProperties) = preSolution
		HideSolutionNode = FALSE
	EndGlobalSection
	GlobalSection(ExtensibilityGlobals) = postSolution
		SolutionGuid = {28F8A448-58D4-4A03-8B0C-80E60B222EAC}
	EndGlobalSection
EndGlobal
